
Microsoft Visual Studio Solution File, Format Version 12.00
# Visual Studio Version 17
VisualStudioVersion = 17.0.32126.317
MinimumVisualStudioVersion = 10.0.40219.1
Project("{FAE04EC0-301F-11D3-BF4B-00C04F79EFBC}") = "HomeWork_12.8", "HomeWork_12.8\HomeWork_12.8.csproj", "{48E0E153-5DCF-472F-81EE-0D6A8BC2F278}"
EndProject
Global
	GlobalSection(SolutionConfigurationPlatforms) = preSolution
		Debug|Any CPU = Debug|Any CPU
		Release|Any CPU = Release|Any CPU
	EndGlobalSection
	GlobalSection(ProjectConfigurationPlatforms) = postSolution
		{48E0E153-5DCF-472F-81EE-0D6A8BC2F278}.Debug|Any CPU.ActiveCfg = Debug|Any CPU
		{48E0E153-5DCF-472F-81EE-0D6A8BC2F278}.Debug|Any CPU.Build.0 = Debug|Any CPU
		{48E0E153-5DCF-472F-81EE-0D6A8BC2F278}.Release|Any CPU.ActiveCfg = Release|Any CPU
		{48E0E153-5DCF-472F-81EE-0D6A8BC2F278}.Release|Any CPU.Build.0 = Release|Any CPU
	EndGlobalSection
	GlobalSection(SolutionProperties) = preSolution
		HideSolutionNode = FALSE
	EndGlobalSection
	GlobalSection(ExtensibilityGlobals) = postSolution
		SolutionGuid = {A0CBD611-8BC5-4DCF-A4E3-6EB5E3F54258}
	EndGlobalSection
EndGlobal
